
Microsoft Visual Studio Solution File, Format Version 12.00
# Visual Studio Version 16
VisualStudioVersion = 16.0.32428.217
MinimumVisualStudioVersion = 10.0.40219.1
Project("{2150E333-8FDC-42A3-9474-1A3956D46DE8}") = "third_party", "third_party", "{6A5D3826-C75E-47DC-9271-DFFD9F481182}"
EndProject
Project("{2150E333-8FDC-42A3-9474-1A3956D46DE8}") = "sidyhe_dxx", "sidyhe_dxx", "{E6B745F0-742E-4FC0-B478-7085915AAF72}"
EndProject
Project("{8BC9CEB8-8B4A-11D0-8D11-00A0C91BC942}") = "kcrt", "third_party\sidyhe_dxx\kcrt\kcrt.vcxproj", "{07505B11-D907-4B7C-B3E8-BF37978C1BB6}"
EndProject
Project("{8BC9CEB8-8B4A-11D0-8D11-00A0C91BC942}") = "kstl", "third_party\sidyhe_dxx\kstl\kstl.vcxproj", "{C30969FA-8BF5-4125-B20B-8CEEBC78A99E}"
EndProject
Project("{8BC9CEB8-8B4A-11D0-8D11-00A0C91BC942}") = "PrintCalloutsSDK", "build\PrintCalloutsSDK\PrintCalloutsSDK.vcxproj", "{237CABB7-3604-42E0-AFA4-B6985D07A3D4}"
EndProject
Project("{8BC9CEB8-8B4A-11D0-8D11-00A0C91BC942}") = "PrintCalloutsDriver", "build\PrintCalloutsDriver\PrintCalloutsDriver.vcxproj", "{AA5E3F99-C0A8-407C-AB75-82EF464E6FBF}"
EndProject
Project("{2150E333-8FDC-42A3-9474-1A3956D46DE8}") = "inc", "inc", "{FD4DF55D-338F-44A1-B6CF-56FB9D4BF267}"
	ProjectSection(SolutionItems) = preProject
		inc\define_public.h = inc\define_public.h
	EndProjectSection
EndProject
Project("{8BC9CEB8-8B4A-11D0-8D11-00A0C91BC942}") = "PrintCallouts", "PrintCallouts\PrintCallouts.vcxproj", "{2B9E630F-688F-46EF-BC1F-46633EA2C2AF}"
EndProject
Global
	GlobalSection(SolutionConfigurationPlatforms) = preSolution
		Debug|ARM = Debug|ARM
		Debug|ARM64 = Debug|ARM64
		Debug|x64 = Debug|x64
		Debug|x86 = Debug|x86
		Release|ARM = Release|ARM
		Release|ARM64 = Release|ARM64
		Release|x64 = Release|x64
		Release|x86 = Release|x86
	EndGlobalSection
	GlobalSection(ProjectConfigurationPlatforms) = postSolution
		{07505B11-D907-4B7C-B3E8-BF37978C1BB6}.Debug|ARM.ActiveCfg = Debug|Win32
		{07505B11-D907-4B7C-B3E8-BF37978C1BB6}.Debug|ARM64.ActiveCfg = Debug|Win32
		{07505B11-D907-4B7C-B3E8-BF37978C1BB6}.Debug|x64.ActiveCfg = Debug|x64
		{07505B11-D907-4B7C-B3E8-BF37978C1BB6}.Debug|x64.Build.0 = Debug|x64
		{07505B11-D907-4B7C-B3E8-BF37978C1BB6}.Debug|x64.Deploy.0 = Debug|x64
		{07505B11-D907-4B7C-B3E8-BF37978C1BB6}.Debug|x86.ActiveCfg = Debug|Win32
		{07505B11-D907-4B7C-B3E8-BF37978C1BB6}.Debug|x86.Build.0 = Debug|Win32
		{07505B11-D907-4B7C-B3E8-BF37978C1BB6}.Debug|x86.Deploy.0 = Debug|Win32
		{07505B11-D907-4B7C-B3E8-BF37978C1BB6}.Release|ARM.ActiveCfg = Release|Win32
		{07505B11-D907-4B7C-B3E8-BF37978C1BB6}.Release|ARM64.ActiveCfg = Release|Win32
		{07505B11-D907-4B7C-B3E8-BF37978C1BB6}.Release|x64.ActiveCfg = Release|x64
		{07505B11-D907-4B7C-B3E8-BF37978C1BB6}.Release|x64.Build.0 = Release|x64
		{07505B11-D907-4B7C-B3E8-BF37978C1BB6}.Release|x64.Deploy.0 = Release|x64
		{07505B11-D907-4B7C-B3E8-BF37978C1BB6}.Release|x86.ActiveCfg = Release|Win32
		{07505B11-D907-4B7C-B3E8-BF37978C1BB6}.Release|x86.Build.0 = Release|Win32
		{07505B11-D907-4B7C-B3E8-BF37978C1BB6}.Release|x86.Deploy.0 = Release|Win32
		{C30969FA-8BF5-4125-B20B-8CEEBC78A99E}.Debug|ARM.ActiveCfg = Debug|Win32
		{C30969FA-8BF5-4125-B20B-8CEEBC78A99E}.Debug|ARM64.ActiveCfg = Debug|Win32
		{C30969FA-8BF5-4125-B20B-8CEEBC78A99E}.Debug|x64.ActiveCfg = Debug|x64
		{C30969FA-8BF5-4125-B20B-8CEEBC78A99E}.Debug|x64.Build.0 = Debug|x64
		{C30969FA-8BF5-4125-B20B-8CEEBC78A99E}.Debug|x64.Deploy.0 = Debug|x64
		{C30969FA-8BF5-4125-B20B-8CEEBC78A99E}.Debug|x86.ActiveCfg = Debug|Win32
		{C30969FA-8BF5-4125-B20B-8CEEBC78A99E}.Debug|x86.Build.0 = Debug|Win32
		{C30969FA-8BF5-4125-B20B-8CEEBC78A99E}.Debug|x86.Deploy.0 = Debug|Win32
		{C30969FA-8BF5-4125-B20B-8CEEBC78A99E}.Release|ARM.ActiveCfg = Release|Win32
		{C30969FA-8BF5-4125-B20B-8CEEBC78A99E}.Release|ARM64.ActiveCfg = Release|Win32
		{C30969FA-8BF5-4125-B20B-8CEEBC78A99E}.Release|x64.ActiveCfg = Release|x64
		{C30969FA-8BF5-4125-B20B-8CEEBC78A99E}.Release|x64.Build.0 = Release|x64
		{C30969FA-8BF5-4125-B20B-8CEEBC78A99E}.Release|x64.Deploy.0 = Release|x64
		{C30969FA-8BF5-4125-B20B-8CEEBC78A99E}.Release|x86.ActiveCfg = Release|Win32
		{C30969FA-8BF5-4125-B20B-8CEEBC78A99E}.Release|x86.Build.0 = Release|Win32
		{C30969FA-8BF5-4125-B20B-8CEEBC78A99E}.Release|x86.Deploy.0 = Release|Win32
		{237CABB7-3604-42E0-AFA4-B6985D07A3D4}.Debug|ARM.ActiveCfg = Debug|Win32
		{237CABB7-3604-42E0-AFA4-B6985D07A3D4}.Debug|ARM64.ActiveCfg = Debug|Win32
		{237CABB7-3604-42E0-AFA4-B6985D07A3D4}.Debug|x64.ActiveCfg = Debug|x64
		{237CABB7-3604-42E0-AFA4-B6985D07A3D4}.Debug|x64.Build.0 = Debug|x64
		{237CABB7-3604-42E0-AFA4-B6985D07A3D4}.Debug|x86.ActiveCfg = Debug|Win32
		{237CABB7-3604-42E0-AFA4-B6985D07A3D4}.Debug|x86.Build.0 = Debug|Win32
		{237CABB7-3604-42E0-AFA4-B6985D07A3D4}.Release|ARM.ActiveCfg = Release|Win32
		{237CABB7-3604-42E0-AFA4-B6985D07A3D4}.Release|ARM64.ActiveCfg = Release|Win32
		{237CABB7-3604-42E0-AFA4-B6985D07A3D4}.Release|x64.ActiveCfg = Release|x64
		{237CABB7-3604-42E0-AFA4-B6985D07A3D4}.Release|x64.Build.0 = Release|x64
		{237CABB7-3604-42E0-AFA4-B6985D07A3D4}.Release|x86.ActiveCfg = Release|Win32
		{237CABB7-3604-42E0-AFA4-B6985D07A3D4}.Release|x86.Build.0 = Release|Win32
		{AA5E3F99-C0A8-407C-AB75-82EF464E6FBF}.Debug|ARM.ActiveCfg = Debug|ARM
		{AA5E3F99-C0A8-407C-AB75-82EF464E6FBF}.Debug|ARM.Build.0 = Debug|ARM
		{AA5E3F99-C0A8-407C-AB75-82EF464E6FBF}.Debug|ARM.Deploy.0 = Debug|ARM
		{AA5E3F99-C0A8-407C-AB75-82EF464E6FBF}.Debug|ARM64.ActiveCfg = Debug|ARM64
		{AA5E3F99-C0A8-407C-AB75-82EF464E6FBF}.Debug|ARM64.Build.0 = Debug|ARM64
		{AA5E3F99-C0A8-407C-AB75-82EF464E6FBF}.Debug|ARM64.Deploy.0 = Debug|ARM64
		{AA5E3F99-C0A8-407C-AB75-82EF464E6FBF}.Debug|x64.ActiveCfg = Debug|x64
		{AA5E3F99-C0A8-407C-AB75-82EF464E6FBF}.Debug|x64.Build.0 = Debug|x64
		{AA5E3F99-C0A8-407C-AB75-82EF464E6FBF}.Debug|x64.Deploy.0 = Debug|x64
		{AA5E3F99-C0A8-407C-AB75-82EF464E6FBF}.Debug|x86.ActiveCfg = Debug|Win32
		{AA5E3F99-C0A8-407C-AB75-82EF464E6FBF}.Debug|x86.Build.0 = Debug|Win32
		{AA5E3F99-C0A8-407C-AB75-82EF464E6FBF}.Debug|x86.Deploy.0 = Debug|Win32
		{AA5E3F99-C0A8-407C-AB75-82EF464E6FBF}.Release|ARM.ActiveCfg = Release|ARM
		{AA5E3F99-C0A8-407C-AB75-82EF464E6FBF}.Release|ARM.Build.0 = Release|ARM
		{AA5E3F99-C0A8-407C-AB75-82EF464E6FBF}.Release|ARM.Deploy.0 = Release|ARM
		{AA5E3F99-C0A8-407C-AB75-82EF464E6FBF}.Release|ARM64.ActiveCfg = Release|ARM64
		{AA5E3F99-C0A8-407C-AB75-82EF464E6FBF}.Release|ARM64.Build.0 = Release|ARM64
		{AA5E3F99-C0A8-407C-AB75-82EF464E6FBF}.Release|ARM64.Deploy.0 = Release|ARM64
		{AA5E3F99-C0A8-407C-AB75-82EF464E6FBF}.Release|x64.ActiveCfg = Release|x64
		{AA5E3F99-C0A8-407C-AB75-82EF464E6FBF}.Release|x64.Build.0 = Release|x64
		{AA5E3F99-C0A8-407C-AB75-82EF464E6FBF}.Release|x64.Deploy.0 = Release|x64
		{AA5E3F99-C0A8-407C-AB75-82EF464E6FBF}.Release|x86.ActiveCfg = Release|Win32
		{AA5E3F99-C0A8-407C-AB75-82EF464E6FBF}.Release|x86.Build.0 = Release|Win32
		{AA5E3F99-C0A8-407C-AB75-82EF464E6FBF}.Release|x86.Deploy.0 = Release|Win32
		{2B9E630F-688F-46EF-BC1F-46633EA2C2AF}.Debug|ARM.ActiveCfg = Debug|ARM
		{2B9E630F-688F-46EF-BC1F-46633EA2C2AF}.Debug|ARM.Build.0 = Debug|ARM
		{2B9E630F-688F-46EF-BC1F-46633EA2C2AF}.Debug|ARM.Deploy.0 = Debug|ARM
		{2B9E630F-688F-46EF-BC1F-46633EA2C2AF}.Debug|ARM64.ActiveCfg = Debug|ARM64
		{2B9E630F-688F-46EF-BC1F-46633EA2C2AF}.Debug|ARM64.Build.0 = Debug|ARM64
		{2B9E630F-688F-46EF-BC1F-46633EA2C2AF}.Debug|ARM64.Deploy.0 = Debug|ARM64
		{2B9E630F-688F-46EF-BC1F-46633EA2C2AF}.Debug|x64.ActiveCfg = Debug|x64
		{2B9E630F-688F-46EF-BC1F-46633EA2C2AF}.Debug|x64.Build.0 = Debug|x64
		{2B9E630F-688F-46EF-BC1F-46633EA2C2AF}.Debug|x64.Deploy.0 = Debug|x64
		{2B9E630F-688F-46EF-BC1F-46633EA2C2AF}.Debug|x86.ActiveCfg = Debug|Win32
		{2B9E630F-688F-46EF-BC1F-46633EA2C2AF}.Debug|x86.Build.0 = Debug|Win32
		{2B9E630F-688F-46EF-BC1F-46633EA2C2AF}.Debug|x86.Deploy.0 = Debug|Win32
		{2B9E630F-688F-46EF-BC1F-46633EA2C2AF}.Release|ARM.ActiveCfg = Release|ARM
		{2B9E630F-688F-46EF-BC1F-46633EA2C2AF}.Release|ARM.Build.0 = Release|ARM
		{2B9E630F-688F-46EF-BC1F-46633EA2C2AF}.Release|ARM.Deploy.0 = Release|ARM
		{2B9E630F-688F-46EF-BC1F-46633EA2C2AF}.Release|ARM64.ActiveCfg = Release|ARM64
		{2B9E630F-688F-46EF-BC1F-46633EA2C2AF}.Release|ARM64.Build.0 = Release|ARM64
		{2B9E630F-688F-46EF-BC1F-46633EA2C2AF}.Release|ARM64.Deploy.0 = Release|ARM64
		{2B9E630F-688F-46EF-BC1F-46633EA2C2AF}.Release|x64.ActiveCfg = Release|x64
		{2B9E630F-688F-46EF-BC1F-46633EA2C2AF}.Release|x64.Build.0 = Release|x64
		{2B9E630F-688F-46EF-BC1F-46633EA2C2AF}.Release|x64.Deploy.0 = Release|x64
		{2B9E630F-688F-46EF-BC1F-46633EA2C2AF}.Release|x86.ActiveCfg = Release|Win32
		{2B9E630F-688F-46EF-BC1F-46633EA2C2AF}.Release|x86.Build.0 = Release|Win32
		{2B9E630F-688F-46EF-BC1F-46633EA2C2AF}.Release|x86.Deploy.0 = Release|Win32
	EndGlobalSection
	GlobalSection(SolutionProperties) = preSolution
		HideSolutionNode = FALSE
	EndGlobalSection
	GlobalSection(NestedProjects) = preSolution
		{E6B745F0-742E-4FC0-B478-7085915AAF72} = {6A5D3826-C75E-47DC-9271-DFFD9F481182}
		{07505B11-D907-4B7C-B3E8-BF37978C1BB6} = {E6B745F0-742E-4FC0-B478-7085915AAF72}
		{C30969FA-8BF5-4125-B20B-8CEEBC78A99E} = {E6B745F0-742E-4FC0-B478-7085915AAF72}
		{237CABB7-3604-42E0-AFA4-B6985D07A3D4} = {6A5D3826-C75E-47DC-9271-DFFD9F481182}
		{AA5E3F99-C0A8-407C-AB75-82EF464E6FBF} = {6A5D3826-C75E-47DC-9271-DFFD9F481182}
	EndGlobalSection
	GlobalSection(ExtensibilityGlobals) = postSolution
		SolutionGuid = {F73FB666-2DB6-45EA-9609-063507F78F56}
	EndGlobalSection
EndGlobal
